
Microsoft Visual Studio Solution File, Format Version 12.00
# Visual Studio 15
VisualStudioVersion = 15.0.26124.0
MinimumVisualStudioVersion = 15.0.26124.0
Project("{FAE04EC0-301F-11D3-BF4B-00C04F79EFBC}") = "Application", "Application\Application.csproj", "{0DE8A547-01CE-46B0-A945-9EEC6131A179}"
EndProject
Project("{FAE04EC0-301F-11D3-BF4B-00C04F79EFBC}") = "Domain", "Domain\Domain.csproj", "{BEB2A450-0476-4716-B394-A0B0E0F07D6B}"
EndProject
Project("{FAE04EC0-301F-11D3-BF4B-00C04F79EFBC}") = "Infrastructure", "Infrastructure\Infrastructure.csproj", "{0DB43FDA-B8FA-4B9A-94A7-62D5644B03F8}"
EndProject
Project("{FAE04EC0-301F-11D3-BF4B-00C04F79EFBC}") = "Persistence", "Persistence\Persistence.csproj", "{57588684-61EF-4A2B-9D0B-C96675CF64A4}"
EndProject
Project("{FAE04EC0-301F-11D3-BF4B-00C04F79EFBC}") = "API", "API\API.csproj", "{BBDBBDF5-5858-49BB-8F81-2ECA975BBE3D}"
EndProject
Global
	GlobalSection(SolutionConfigurationPlatforms) = preSolution
		Debug|Any CPU = Debug|Any CPU
		Debug|x64 = Debug|x64
		Debug|x86 = Debug|x86
		Release|Any CPU = Release|Any CPU
		Release|x64 = Release|x64
		Release|x86 = Release|x86
	EndGlobalSection
	GlobalSection(SolutionProperties) = preSolution
		HideSolutionNode = FALSE
	EndGlobalSection
	GlobalSection(ProjectConfigurationPlatforms) = postSolution
		{0DE8A547-01CE-46B0-A945-9EEC6131A179}.Debug|Any CPU.ActiveCfg = Debug|Any CPU
		{0DE8A547-01CE-46B0-A945-9EEC6131A179}.Debug|Any CPU.Build.0 = Debug|Any CPU
		{0DE8A547-01CE-46B0-A945-9EEC6131A179}.Debug|x64.ActiveCfg = Debug|Any CPU
		{0DE8A547-01CE-46B0-A945-9EEC6131A179}.Debug|x64.Build.0 = Debug|Any CPU
		{0DE8A547-01CE-46B0-A945-9EEC6131A179}.Debug|x86.ActiveCfg = Debug|Any CPU
		{0DE8A547-01CE-46B0-A945-9EEC6131A179}.Debug|x86.Build.0 = Debug|Any CPU
		{0DE8A547-01CE-46B0-A945-9EEC6131A179}.Release|Any CPU.ActiveCfg = Release|Any CPU
		{0DE8A547-01CE-46B0-A945-9EEC6131A179}.Release|Any CPU.Build.0 = Release|Any CPU
		{0DE8A547-01CE-46B0-A945-9EEC6131A179}.Release|x64.ActiveCfg = Release|Any CPU
		{0DE8A547-01CE-46B0-A945-9EEC6131A179}.Release|x64.Build.0 = Release|Any CPU
		{0DE8A547-01CE-46B0-A945-9EEC6131A179}.Release|x86.ActiveCfg = Release|Any CPU
		{0DE8A547-01CE-46B0-A945-9EEC6131A179}.Release|x86.Build.0 = Release|Any CPU
		{BEB2A450-0476-4716-B394-A0B0E0F07D6B}.Debug|Any CPU.ActiveCfg = Debug|Any CPU
		{BEB2A450-0476-4716-B394-A0B0E0F07D6B}.Debug|Any CPU.Build.0 = Debug|Any CPU
		{BEB2A450-0476-4716-B394-A0B0E0F07D6B}.Debug|x64.ActiveCfg = Debug|Any CPU
		{BEB2A450-0476-4716-B394-A0B0E0F07D6B}.Debug|x64.Build.0 = Debug|Any CPU
		{BEB2A450-0476-4716-B394-A0B0E0F07D6B}.Debug|x86.ActiveCfg = Debug|Any CPU
		{BEB2A450-0476-4716-B394-A0B0E0F07D6B}.Debug|x86.Build.0 = Debug|Any CPU
		{BEB2A450-0476-4716-B394-A0B0E0F07D6B}.Release|Any CPU.ActiveCfg = Release|Any CPU
		{BEB2A450-0476-4716-B394-A0B0E0F07D6B}.Release|Any CPU.Build.0 = Release|Any CPU
		{BEB2A450-0476-4716-B394-A0B0E0F07D6B}.Release|x64.ActiveCfg = Release|Any CPU
		{BEB2A450-0476-4716-B394-A0B0E0F07D6B}.Release|x64.Build.0 = Release|Any CPU
		{BEB2A450-0476-4716-B394-A0B0E0F07D6B}.Release|x86.ActiveCfg = Release|Any CPU
		{BEB2A450-0476-4716-B394-A0B0E0F07D6B}.Release|x86.Build.0 = Release|Any CPU
		{0DB43FDA-B8FA-4B9A-94A7-62D5644B03F8}.Debug|Any CPU.ActiveCfg = Debug|Any CPU
		{0DB43FDA-B8FA-4B9A-94A7-62D5644B03F8}.Debug|Any CPU.Build.0 = Debug|Any CPU
		{0DB43FDA-B8FA-4B9A-94A7-62D5644B03F8}.Debug|x64.ActiveCfg = Debug|Any CPU
		{0DB43FDA-B8FA-4B9A-94A7-62D5644B03F8}.Debug|x64.Build.0 = Debug|Any CPU
		{0DB43FDA-B8FA-4B9A-94A7-62D5644B03F8}.Debug|x86.ActiveCfg = Debug|Any CPU
		{0DB43FDA-B8FA-4B9A-94A7-62D5644B03F8}.Debug|x86.Build.0 = Debug|Any CPU
		{0DB43FDA-B8FA-4B9A-94A7-62D5644B03F8}.Release|Any CPU.ActiveCfg = Release|Any CPU
		{0DB43FDA-B8FA-4B9A-94A7-62D5644B03F8}.Release|Any CPU.Build.0 = Release|Any CPU
		{0DB43FDA-B8FA-4B9A-94A7-62D5644B03F8}.Release|x64.ActiveCfg = Release|Any CPU
		{0DB43FDA-B8FA-4B9A-94A7-62D5644B03F8}.Release|x64.Build.0 = Release|Any CPU
		{0DB43FDA-B8FA-4B9A-94A7-62D5644B03F8}.Release|x86.ActiveCfg = Release|Any CPU
		{0DB43FDA-B8FA-4B9A-94A7-62D5644B03F8}.Release|x86.Build.0 = Release|Any CPU
		{57588684-61EF-4A2B-9D0B-C96675CF64A4}.Debug|Any CPU.ActiveCfg = Debug|Any CPU
		{57588684-61EF-4A2B-9D0B-C96675CF64A4}.Debug|Any CPU.Build.0 = Debug|Any CPU
		{57588684-61EF-4A2B-9D0B-C96675CF64A4}.Debug|x64.ActiveCfg = Debug|Any CPU
		{57588684-61EF-4A2B-9D0B-C96675CF64A4}.Debug|x64.Build.0 = Debug|Any CPU
		{57588684-61EF-4A2B-9D0B-C96675CF64A4}.Debug|x86.ActiveCfg = Debug|Any CPU
		{57588684-61EF-4A2B-9D0B-C96675CF64A4}.Debug|x86.Build.0 = Debug|Any CPU
		{57588684-61EF-4A2B-9D0B-C96675CF64A4}.Release|Any CPU.ActiveCfg = Release|Any CPU
		{57588684-61EF-4A2B-9D0B-C96675CF64A4}.Release|Any CPU.Build.0 = Release|Any CPU
		{57588684-61EF-4A2B-9D0B-C96675CF64A4}.Release|x64.ActiveCfg = Release|Any CPU
		{57588684-61EF-4A2B-9D0B-C96675CF64A4}.Release|x64.Build.0 = Release|Any CPU
		{57588684-61EF-4A2B-9D0B-C96675CF64A4}.Release|x86.ActiveCfg = Release|Any CPU
		{57588684-61EF-4A2B-9D0B-C96675CF64A4}.Release|x86.Build.0 = Release|Any CPU
		{BBDBBDF5-5858-49BB-8F81-2ECA975BBE3D}.Debug|Any CPU.ActiveCfg = Debug|Any CPU
		{BBDBBDF5-5858-49BB-8F81-2ECA975BBE3D}.Debug|Any CPU.Build.0 = Debug|Any CPU
		{BBDBBDF5-5858-49BB-8F81-2ECA975BBE3D}.Debug|x64.ActiveCfg = Debug|Any CPU
		{BBDBBDF5-5858-49BB-8F81-2ECA975BBE3D}.Debug|x64.Build.0 = Debug|Any CPU
		{BBDBBDF5-5858-49BB-8F81-2ECA975BBE3D}.Debug|x86.ActiveCfg = Debug|Any CPU
		{BBDBBDF5-5858-49BB-8F81-2ECA975BBE3D}.Debug|x86.Build.0 = Debug|Any CPU
		{BBDBBDF5-5858-49BB-8F81-2ECA975BBE3D}.Release|Any CPU.ActiveCfg = Release|Any CPU
		{BBDBBDF5-5858-49BB-8F81-2ECA975BBE3D}.Release|Any CPU.Build.0 = Release|Any CPU
		{BBDBBDF5-5858-49BB-8F81-2ECA975BBE3D}.Release|x64.ActiveCfg = Release|Any CPU
		{BBDBBDF5-5858-49BB-8F81-2ECA975BBE3D}.Release|x64.Build.0 = Release|Any CPU
		{BBDBBDF5-5858-49BB-8F81-2ECA975BBE3D}.Release|x86.ActiveCfg = Release|Any CPU
		{BBDBBDF5-5858-49BB-8F81-2ECA975BBE3D}.Release|x86.Build.0 = Release|Any CPU
	EndGlobalSection
EndGlobal
